github.com/abc463774475/bbtool v0.0.0-20200823033608-2e9a050a66e4 h1:huMaTFP5XLW6BFpZkK8BmoFSbKHMIL2am7st8Ibuv/w=
github.com/abc463774475/bbtool v0.0.0-20200823033608-2e9a050a66e4/go.mod h1:NtgEcsIGRSxfHXiJlOxvjH958K+3BJ83EnC1W24fJAE=
github.com/abc463774475/bbtool v1.1.0 h1:fsa+x+z/jQ1vwGhw7yCN5CgGPkIJ74CxFul9jybxawk=
github.com/abc463774475/bbtool v1.1.0/go.mod h1:NtgEcsIGRSxfHXiJlOxvjH958K+3BJ83EnC1W24fJAE=
